
Microsoft Visual Studio Solution File, Format Version 12.00
# Visual Studio Version 17
VisualStudioVersion = 17.0.32126.317
MinimumVisualStudioVersion = 10.0.40219.1
Project("{FAE04EC0-301F-11D3-BF4B-00C04F79EFBC}") = "BulkyBookWeb", "BulkyBookWeb\BulkyBookWeb.csproj", "{DDA4B020-A6F2-4ED6-A563-A0F170397AD3}"
EndProject
Global
	GlobalSection(SolutionConfigurationPlatforms) = preSolution
		Debug|Any CPU = Debug|Any CPU
		Release|Any CPU = Release|Any CPU
	EndGlobalSection
	GlobalSection(ProjectConfigurationPlatforms) = postSolution
		{DDA4B020-A6F2-4ED6-A563-A0F170397AD3}.Debug|Any CPU.ActiveCfg = Debug|Any CPU
		{DDA4B020-A6F2-4ED6-A563-A0F170397AD3}.Debug|Any CPU.Build.0 = Debug|Any CPU
		{DDA4B020-A6F2-4ED6-A563-A0F170397AD3}.Release|Any CPU.ActiveCfg = Release|Any CPU
		{DDA4B020-A6F2-4ED6-A563-A0F170397AD3}.Release|Any CPU.Build.0 = Release|Any CPU
	EndGlobalSection
	GlobalSection(SolutionProperties) = preSolution
		HideSolutionNode = FALSE
	EndGlobalSection
	GlobalSection(ExtensibilityGlobals) = postSolution
		SolutionGuid = {9FA7F6A9-618A-4106-8374-2C8226B04EBF}
	EndGlobalSection
EndGlobal
